// !$*UTF8*$!
{
	archiveVersion = 1;
	classes = {
	};
	objectVersion = 50;
	objects = {

/* Begin PBXBuildFile section */
		52095B3825CDE3F3001333F5 /* DataUserViewController.swift in Sources */ = {isa = PBXBuildFile; fileRef = 52095B3725CDE3F3001333F5 /* DataUserViewController.swift */; };
		527AF96925CDFBA800BADD16 /* Model.swift in Sources */ = {isa = PBXBuildFile; fileRef = 52095B3025CDD7A8001333F5 /* Model.swift */; };
		527AF96C25CEAF9500BADD16 /* PhotoCollectionViewController.swift in Sources */ = {isa = PBXBuildFile; fileRef = 527AF96B25CEAF9500BADD16 /* PhotoCollectionViewController.swift */; };
		527AF97025CEB0F100BADD16 /* PhotoColectionCell.swift in Sources */ = {isa = PBXBuildFile; fileRef = 527AF96F25CEB0F100BADD16 /* PhotoColectionCell.swift */; };
		52F9D84225C9676B00C5021C /* AppDelegate.swift in Sources */ = {isa = PBXBuildFile; fileRef = 52F9D84125C9676B00C5021C /* AppDelegate.swift */; };
		52F9D84425C9676B00C5021C /* SceneDelegate.swift in Sources */ = {isa = PBXBuildFile; fileRef = 52F9D84325C9676B00C5021C /* SceneDelegate.swift */; };
		52F9D84625C9676B00C5021C /* LoginViewController.swift in Sources */ = {isa = PBXBuildFile; fileRef = 52F9D84525C9676B00C5021C /* LoginViewController.swift */; };
		52F9D84925C9676B00C5021C /* Main.storyboard in Resources */ = {isa = PBXBuildFile; fileRef = 52F9D84725C9676B00C5021C /* Main.storyboard */; };
		52F9D84B25C9676E00C5021C /* Assets.xcassets in Resources */ = {isa = PBXBuildFile; fileRef = 52F9D84A25C9676E00C5021C /* Assets.xcassets */; };
		52F9D84E25C9676E00C5021C /* LaunchScreen.storyboard in Resources */ = {isa = PBXBuildFile; fileRef = 52F9D84C25C9676E00C5021C /* LaunchScreen.storyboard */; };
		52F9D85725C96D8C00C5021C /* WelcomViewController.swift in Sources */ = {isa = PBXBuildFile; fileRef = 52F9D85625C96D8C00C5021C /* WelcomViewController.swift */; };
/* End PBXBuildFile section */

/* Begin PBXFileReference section */
		52095B3025CDD7A8001333F5 /* Model.swift */ = {isa = PBXFileReference; lastKnownFileType = sourcecode.swift; path = Model.swift; sourceTree = "<group>"; wrapsLines = 1; };
		52095B3725CDE3F3001333F5 /* DataUserViewController.swift */ = {isa = PBXFileReference; lastKnownFileType = sourcecode.swift; path = DataUserViewController.swift; sourceTree = "<group>"; };
		527AF96B25CEAF9500BADD16 /* PhotoCollectionViewController.swift */ = {isa = PBXFileReference; lastKnownFileType = sourcecode.swift; path = PhotoCollectionViewController.swift; sourceTree = "<group>"; };
		527AF96F25CEB0F100BADD16 /* PhotoColectionCell.swift */ = {isa = PBXFileReference; lastKnownFileType = sourcecode.swift; path = PhotoColectionCell.swift; sourceTree = "<group>"; };
		52F9D83E25C9676B00C5021C /* Login.app */ = {isa = PBXFileReference; explicitFileType = wrapper.application; includeInIndex = 0; path = Login.app; sourceTree = BUILT_PRODUCTS_DIR; };
		52F9D84125C9676B00C5021C /* AppDelegate.swift */ = {isa = PBXFileReference; lastKnownFileType = sourcecode.swift; path = AppDelegate.swift; sourceTree = "<group>"; };
		52F9D84325C9676B00C5021C /* SceneDelegate.swift */ = {isa = PBXFileReference; lastKnownFileType = sourcecode.swift; path = SceneDelegate.swift; sourceTree = "<group>"; };
		52F9D84525C9676B00C5021C /* LoginViewController.swift */ = {isa = PBXFileReference; lastKnownFileType = sourcecode.swift; path = LoginViewController.swift; sourceTree = "<group>"; };
		52F9D84825C9676B00C5021C /* Base */ = {isa = PBXFileReference; lastKnownFileType = file.storyboard; name = Base; path = Base.lproj/Main.storyboard; sourceTree = "<group>"; };
		52F9D84A25C9676E00C5021C /* Assets.xcassets */ = {isa = PBXFileReference; lastKnownFileType = folder.assetcatalog; path = Assets.xcassets; sourceTree = "<group>"; };
		52F9D84D25C9676E00C5021C /* Base */ = {isa = PBXFileReference; lastKnownFileType = file.storyboard; name = Base; path = Base.lproj/LaunchScreen.storyboard; sourceTree = "<group>"; };
		52F9D84F25C9676E00C5021C /* Info.plist */ = {isa = PBXFileReference; lastKnownFileType = text.plist.xml; path = Info.plist; sourceTree = "<group>"; };
		52F9D85625C96D8C00C5021C /* WelcomViewController.swift */ = {isa = PBXFileReference; lastKnownFileType = sourcecode.swift; path = WelcomViewController.swift; sourceTree = "<group>"; };
/* End PBXFileReference section */

/* Begin PBXFrameworksBuildPhase section */
		52F9D83B25C9676B00C5021C /* Frameworks */ = {
			isa = PBXFrameworksBuildPhase;
			buildActionMask = 2147483647;
			files = (
			);
			runOnlyForDeploymentPostprocessing = 0;
		};
/* End PBXFrameworksBuildPhase section */

/* Begin PBXGroup section */
		52095B2825CDBE8A001333F5 /* Storyboards */ = {
			isa = PBXGroup;
			children = (
				52F9D84725C9676B00C5021C /* Main.storyboard */,
				52F9D84C25C9676E00C5021C /* LaunchScreen.storyboard */,
			);
			path = Storyboards;
			sourceTree = "<group>";
		};
		52095B2925CDBEA8001333F5 /* ViewControllers */ = {
			isa = PBXGroup;
			children = (
				527AF96B25CEAF9500BADD16 /* PhotoCollectionViewController.swift */,
				52F9D84525C9676B00C5021C /* LoginViewController.swift */,
				52F9D85625C96D8C00C5021C /* WelcomViewController.swift */,
				52095B3725CDE3F3001333F5 /* DataUserViewController.swift */,
			);
			path = ViewControllers;
			sourceTree = "<group>";
		};
		52095B2B25CDBF01001333F5 /* SoprtingFiles */ = {
			isa = PBXGroup;
			children = (
				52F9D84125C9676B00C5021C /* AppDelegate.swift */,
				52F9D84325C9676B00C5021C /* SceneDelegate.swift */,
				52F9D84F25C9676E00C5021C /* Info.plist */,
			);
			path = SoprtingFiles;
			sourceTree = "<group>";
		};
		52095B2E25CDBF5E001333F5 /* Resorses */ = {
			isa = PBXGroup;
			children = (
				52F9D84A25C9676E00C5021C /* Assets.xcassets */,
			);
			path = Resorses;
			sourceTree = "<group>";
		};
		52095B3325CDD7AF001333F5 /* Model */ = {
			isa = PBXGroup;
			children = (
				52095B3025CDD7A8001333F5 /* Model.swift */,
			);
			path = Model;
			sourceTree = "<group>";
		};
		527AF97325CEB0F800BADD16 /* Cell */ = {
			isa = PBXGroup;
			children = (
				527AF96F25CEB0F100BADD16 /* PhotoColectionCell.swift */,
			);
			path = Cell;
			sourceTree = "<group>";
		};
		52F9D83525C9676B00C5021C = {
			isa = PBXGroup;
			children = (
				52F9D84025C9676B00C5021C /* Login */,
				52F9D83F25C9676B00C5021C /* Products */,
			);
			sourceTree = "<group>";
		};
		52F9D83F25C9676B00C5021C /* Products */ = {
			isa = PBXGroup;
			children = (
				52F9D83E25C9676B00C5021C /* Login.app */,
			);
			name = Products;
			sourceTree = "<group>";
		};
		52F9D84025C9676B00C5021C /* Login */ = {
			isa = PBXGroup;
			children = (
				52095B2925CDBEA8001333F5 /* ViewControllers */,
				52095B2825CDBE8A001333F5 /* Storyboards */,
				52095B3325CDD7AF001333F5 /* Model */,
				527AF97325CEB0F800BADD16 /* Cell */,
				52095B2B25CDBF01001333F5 /* SoprtingFiles */,
				52095B2E25CDBF5E001333F5 /* Resorses */,
			);
			path = Login;
			sourceTree = "<group>";
		};
/* End PBXGroup section */

/* Begin PBXNativeTarget section */
		52F9D83D25C9676B00C5021C /* Login */ = {
			isa = PBXNativeTarget;
			buildConfigurationList = 52F9D85225C9676E00C5021C /* Build configuration list for PBXNativeTarget "Login" */;
			buildPhases = (
				52F9D83A25C9676B00C5021C /* Sources */,
				52F9D83B25C9676B00C5021C /* Frameworks */,
				52F9D83C25C9676B00C5021C /* Resources */,
			);
			buildRules = (
			);
			dependencies = (
			);
			name = Login;
			productName = Login;
			productReference = 52F9D83E25C9676B00C5021C /* Login.app */;
			productType = "com.apple.product-type.application";
		};
/* End PBXNativeTarget section */

/* Begin PBXProject section */
		52F9D83625C9676B00C5021C /* Project object */ = {
			isa = PBXProject;
			attributes = {
				LastSwiftUpdateCheck = 1220;
				LastUpgradeCheck = 1220;
				TargetAttributes = {
					52F9D83D25C9676B00C5021C = {
						CreatedOnToolsVersion = 12.2;
					};
				};
			};
			buildConfigurationList = 52F9D83925C9676B00C5021C /* Build configuration list for PBXProject "Login" */;
			compatibilityVersion = "Xcode 9.3";
			developmentRegion = en;
			hasScannedForEncodings = 0;
			knownRegions = (
				en,
				Base,
			);
			mainGroup = 52F9D83525C9676B00C5021C;
			productRefGroup = 52F9D83F25C9676B00C5021C /* Products */;
			projectDirPath = "";
			projectRoot = "";
			targets = (
				52F9D83D25C9676B00C5021C /* Login */,
			);
		};
/* End PBXProject section */

/* Begin PBXResourcesBuildPhase section */
		52F9D83C25C9676B00C5021C /* Resources */ = {
			isa = PBXResourcesBuildPhase;
			buildActionMask = 2147483647;
			files = (
				52F9D84E25C9676E00C5021C /* LaunchScreen.storyboard in Resources */,
				52F9D84B25C9676E00C5021C /* Assets.xcassets in Resources */,
				52F9D84925C9676B00C5021C /* Main.storyboard in Resources */,
			);
			runOnlyForDeploymentPostprocessing = 0;
		};
/* End PBXResourcesBuildPhase section */

/* Begin PBXSourcesBuildPhase section */
		52F9D83A25C9676B00C5021C /* Sources */ = {
			isa = PBXSourcesBuildPhase;
			buildActionMask = 2147483647;
			files = (
				52F9D84625C9676B00C5021C /* LoginViewController.swift in Sources */,
				52F9D84225C9676B00C5021C /* AppDelegate.swift in Sources */,
				527AF96C25CEAF9500BADD16 /* PhotoCollectionViewController.swift in Sources */,
				52095B3825CDE3F3001333F5 /* DataUserViewController.swift in Sources */,
				527AF96925CDFBA800BADD16 /* Model.swift in Sources */,
				527AF97025CEB0F100BADD16 /* PhotoColectionCell.swift in Sources */,
				52F9D84425C9676B00C5021C /* SceneDelegate.swift in Sources */,
				52F9D85725C96D8C00C5021C /* WelcomViewController.swift in Sources */,
			);
			runOnlyForDeploymentPostprocessing = 0;
		};
/* End PBXSourcesBuildPhase section */

/* Begin PBXVariantGroup section */
		52F9D84725C9676B00C5021C /* Main.storyboard */ = {
			isa = PBXVariantGroup;
			children = (
				52F9D84825C9676B00C5021C /* Base */,
			);
			name = Main.storyboard;
			sourceTree = "<group>";
		};
		52F9D84C25C9676E00C5021C /* LaunchScreen.storyboard */ = {
			isa = PBXVariantGroup;
			children = (
				52F9D84D25C9676E00C5021C /* Base */,
			);
			name = LaunchScreen.storyboard;
			sourceTree = "<group>";
		};
/* End PBXVariantGroup section */

/* Begin XCBuildConfiguration section */
		52F9D85025C9676E00C5021C /* Debug */ = {
			isa = XCBuildConfiguration;
			buildSettings = {
				ALWAYS_SEARCH_USER_PATHS = NO;
				CLANG_ANALYZER_NONNULL = YES;
				CLANG_ANALYZER_NUMBER_OBJECT_CONVERSION = YES_AGGRESSIVE;
				CLANG_CXX_LANGUAGE_STANDARD = "gnu++14";
				CLANG_CXX_LIBRARY = "libc++";
				CLANG_ENABLE_MODULES = YES;
				CLANG_ENABLE_OBJC_ARC = YES;
				CLANG_ENABLE_OBJC_WEAK = YES;
				CLANG_WARN_BLOCK_CAPTURE_AUTORELEASING = YES;
				CLANG_WARN_BOOL_CONVERSION = YES;
				CLANG_WARN_COMMA = YES;
				CLANG_WARN_CONSTANT_CONVERSION = YES;
				CLANG_WARN_DEPRECATED_OBJC_IMPLEMENTATIONS = YES;
				CLANG_WARN_DIRECT_OBJC_ISA_USAGE = YES_ERROR;
				CLANG_WARN_DOCUMENTATION_COMMENTS = YES;
				CLANG_WARN_EMPTY_BODY = YES;
				CLANG_WARN_ENUM_CONVERSION = YES;
				CLANG_WARN_INFINITE_RECURSION = YES;
				CLANG_WARN_INT_CONVERSION = YES;
				CLANG_WARN_NON_LITERAL_NULL_CONVERSION = YES;
				CLANG_WARN_OBJC_IMPLICIT_RETAIN_SELF = YES;
				CLANG_WARN_OBJC_LITERAL_CONVERSION = YES;
				CLANG_WARN_OBJC_ROOT_CLASS = YES_ERROR;
				CLANG_WARN_QUOTED_INCLUDE_IN_FRAMEWORK_HEADER = YES;
				CLANG_WARN_RANGE_LOOP_ANALYSIS = YES;
				CLANG_WARN_STRICT_PROTOTYPES = YES;
				CLANG_WARN_SUSPICIOUS_MOVE = YES;
				CLANG_WARN_UNGUARDED_AVAILABILITY = YES_AGGRESSIVE;
				CLANG_WARN_UNREACHABLE_CODE = YES;
				CLANG_WARN__DUPLICATE_METHOD_MATCH = YES;
				COPY_PHASE_STRIP = NO;
				DEBUG_INFORMATION_FORMAT = dwarf;
				ENABLE_STRICT_OBJC_MSGSEND = YES;
				ENABLE_TESTABILITY = YES;
				GCC_C_LANGUAGE_STANDARD = gnu11;
				GCC_DYNAMIC_NO_PIC = NO;
				GCC_NO_COMMON_BLOCKS = YES;
				GCC_OPTIMIZATION_LEVEL = 0;
				GCC_PREPROCESSOR_DEFINITIONS = (
					"DEBUG=1",
					"$(inherited)",
				);
				GCC_WARN_64_TO_32_BIT_CONVERSION = YES;
				GCC_WARN_ABOUT_RETURN_TYPE = YES_ERROR;
				GCC_WARN_UNDECLARED_SELECTOR = YES;
				GCC_WARN_UNINITIALIZED_AUTOS = YES_AGGRESSIVE;
				GCC_WARN_UNUSED_FUNCTION = YES;
				GCC_WARN_UNUSED_VARIABLE = YES;
				IPHONEOS_DEPLOYMENT_TARGET = 14.2;
				MTL_ENABLE_DEBUG_INFO = INCLUDE_SOURCE;
				MTL_FAST_MATH = YES;
				ONLY_ACTIVE_ARCH = YES;
				SDKROOT = iphoneos;
				SWIFT_ACTIVE_COMPILATION_CONDITIONS = DEBUG;
				SWIFT_OPTIMIZATION_LEVEL = "-Onone";
			};
			name = Debug;
		};
		52F9D85125C9676E00C5021C /* Release */ = {
			isa = XCBuildConfiguration;
			buildSettings = {
				ALWAYS_SEARCH_USER_PATHS = NO;
				CLANG_ANALYZER_NONNULL = YES;
				CLANG_ANALYZER_NUMBER_OBJECT_CONVERSION = YES_AGGRESSIVE;
				CLANG_CXX_LANGUAGE_STANDARD = "gnu++14";
				CLANG_CXX_LIBRARY = "libc++";
				CLANG_ENABLE_MODULES = YES;
				CLANG_ENABLE_OBJC_ARC = YES;
				CLANG_ENABLE_OBJC_WEAK = YES;
				CLANG_WARN_BLOCK_CAPTURE_AUTORELEASING = YES;
				CLANG_WARN_BOOL_CONVERSION = YES;
				CLANG_WARN_COMMA = YES;
				CLANG_WARN_CONSTANT_CONVERSION = YES;
				CLANG_WARN_DEPRECATED_OBJC_IMPLEMENTATIONS = YES;
				CLANG_WARN_DIRECT_OBJC_ISA_USAGE = YES_ERROR;
				CLANG_WARN_DOCUMENTATION_COMMENTS = YES;
				CLANG_WARN_EMPTY_BODY = YES;
				CLANG_WARN_ENUM_CONVERSION = YES;
				CLANG_WARN_INFINITE_RECURSION = YES;
				CLANG_WARN_INT_CONVERSION = YES;
				CLANG_WARN_NON_LITERAL_NULL_CONVERSION = YES;
				CLANG_WARN_OBJC_IMPLICIT_RETAIN_SELF = YES;
				CLANG_WARN_OBJC_LITERAL_CONVERSION = YES;
				CLANG_WARN_OBJC_ROOT_CLASS = YES_ERROR;
				CLANG_WARN_QUOTED_INCLUDE_IN_FRAMEWORK_HEADER = YES;
				CLANG_WARN_RANGE_LOOP_ANALYSIS = YES;
				CLANG_WARN_STRICT_PROTOTYPES = YES;
				CLANG_WARN_SUSPICIOUS_MOVE = YES;
				CLANG_WARN_UNGUARDED_AVAILABILITY = YES_AGGRESSIVE;
				CLANG_WARN_UNREACHABLE_CODE = YES;
				CLANG_WARN__DUPLICATE_METHOD_MATCH = YES;
				COPY_PHASE_STRIP = NO;
				DEBUG_INFORMATION_FORMAT = "dwarf-with-dsym";
				ENABLE_NS_ASSERTIONS = NO;
				ENABLE_STRICT_OBJC_MSGSEND = YES;
				GCC_C_LANGUAGE_STANDARD = gnu11;
				GCC_NO_COMMON_BLOCKS = YES;
				GCC_WARN_64_TO_32_BIT_CONVERSION = YES;
				GCC_WARN_ABOUT_RETURN_TYPE = YES_ERROR;
				GCC_WARN_UNDECLARED_SELECTOR = YES;
				GCC_WARN_UNINITIALIZED_AUTOS = YES_AGGRESSIVE;
				GCC_WARN_UNUSED_FUNCTION = YES;
				GCC_WARN_UNUSED_VARIABLE = YES;
				IPHONEOS_DEPLOYMENT_TARGET = 14.2;
				MTL_ENABLE_DEBUG_INFO = NO;
				MTL_FAST_MATH = YES;
				SDKROOT = iphoneos;
				SWIFT_COMPILATION_MODE = wholemodule;
				SWIFT_OPTIMIZATION_LEVEL = "-O";
				VALIDATE_PRODUCT = YES;
			};
			name = Release;
		};
		52F9D85325C9676E00C5021C /* Debug */ = {
			isa = XCBuildConfiguration;
			buildSettings = {
				ASSETCATALOG_COMPILER_APPICON_NAME = AppIcon;
				ASSETCATALOG_COMPILER_GLOBAL_ACCENT_COLOR_NAME = AccentColor;
				CODE_SIGN_STYLE = Automatic;
				INFOPLIST_FILE = Login/SoprtingFiles/Info.plist;
				LD_RUNPATH_SEARCH_PATHS = (
					"$(inherited)",
					"@executable_path/Frameworks",
				);
				PRODUCT_BUNDLE_IDENTIFIER = "Nikta-Belov.Login";
				PRODUCT_NAME = "$(TARGET_NAME)";
				SWIFT_VERSION = 5.0;
				TARGETED_DEVICE_FAMILY = "1,2";
			};
			name = Debug;
		};
		52F9D85425C9676E00C5021C /* Release */ = {
			isa = XCBuildConfiguration;
			buildSettings = {
				ASSETCATALOG_COMPILER_APPICON_NAME = AppIcon;
				ASSETCATALOG_COMPILER_GLOBAL_ACCENT_COLOR_NAME = AccentColor;
				CODE_SIGN_STYLE = Automatic;
				INFOPLIST_FILE = Login/SoprtingFiles/Info.plist;
				LD_RUNPATH_SEARCH_PATHS = (
					"$(inherited)",
					"@executable_path/Frameworks",
				);
				PRODUCT_BUNDLE_IDENTIFIER = "Nikta-Belov.Login";
				PRODUCT_NAME = "$(TARGET_NAME)";
				SWIFT_VERSION = 5.0;
				TARGETED_DEVICE_FAMILY = "1,2";
			};
			name = Release;
		};
/* End XCBuildConfiguration section */

/* Begin XCConfigurationList section */
		52F9D83925C9676B00C5021C /* Build configuration list for PBXProject "Login" */ = {
			isa = XCConfigurationList;
			buildConfigurations = (
				52F9D85025C9676E00C5021C /* Debug */,
				52F9D85125C9676E00C5021C /* Release */,
			);
			defaultConfigurationIsVisible = 0;
			defaultConfigurationName = Release;
		};
		52F9D85225C9676E00C5021C /* Build configuration list for PBXNativeTarget "Login" */ = {
			isa = XCConfigurationList;
			buildConfigurations = (
				52F9D85325C9676E00C5021C /* Debug */,
				52F9D85425C9676E00C5021C /* Release */,
			);
			defaultConfigurationIsVisible = 0;
			defaultConfigurationName = Release;
		};
/* End XCConfigurationList section */
	};
	rootObject = 52F9D83625C9676B00C5021C /* Project object */;
}
